// !$*UTF8*$!
{
	archiveVersion = 1;
	classes = {
	};
	objectVersion = 48;
	objects = {

/* Begin PBXBuildFile section */
		155B822F9A22C874956F0DEE /* libPods-PlaygroundTests.a in Frameworks */ = {isa = PBXBuildFile; fileRef = 8CCBEA27148139C9ADC80B69 /* libPods-PlaygroundTests.a */; };
		7D0579F84457BFFBBAD37620 /* libPods-Playground.a in Frameworks */ = {isa = PBXBuildFile; fileRef = 3E1A9286E23A4D87E077388E /* libPods-Playground.a */; };
		B728FE2907D95716E32109A4 /* libPods-PlaygroundUITests.a in Frameworks */ = {isa = PBXBuildFile; fileRef = 8B41218CBA05B0EE55FDAADF /* libPods-PlaygroundUITests.a */; };
		C82712542107238500D7E009 /* AppDelegate.m in Sources */ = {isa = PBXBuildFile; fileRef = C82712532107238500D7E009 /* AppDelegate.m */; };
		C82712572107238500D7E009 /* ViewController.m in Sources */ = {isa = PBXBuildFile; fileRef = C82712562107238500D7E009 /* ViewController.m */; };
		C827125A2107238500D7E009 /* Main.storyboard in Resources */ = {isa = PBXBuildFile; fileRef = C82712582107238500D7E009 /* Main.storyboard */; };
		C827125D2107238500D7E009 /* Playground.xcdatamodeld in Sources */ = {isa = PBXBuildFile; fileRef = C827125B2107238500D7E009 /* Playground.xcdatamodeld */; };
		C827125F2107238500D7E009 /* Assets.xcassets in Resources */ = {isa = PBXBuildFile; fileRef = C827125E2107238500D7E009 /* Assets.xcassets */; };
		C82712622107238500D7E009 /* LaunchScreen.storyboard in Resources */ = {isa = PBXBuildFile; fileRef = C82712602107238500D7E009 /* LaunchScreen.storyboard */; };
		C82712652107238500D7E009 /* main.m in Sources */ = {isa = PBXBuildFile; fileRef = C82712642107238500D7E009 /* main.m */; };
		C827126F2107238500D7E009 /* PlaygroundTests.m in Sources */ = {isa = PBXBuildFile; fileRef = C827126E2107238500D7E009 /* PlaygroundTests.m */; };
		C827127A2107238500D7E009 /* PlaygroundUITests.m in Sources */ = {isa = PBXBuildFile; fileRef = C82712792107238500D7E009 /* PlaygroundUITests.m */; };
		C899060C21072DED0060016B /* Playground.swift in Sources */ = {isa = PBXBuildFile; fileRef = C899060B21072DED0060016B /* Playground.swift */; };
		D8C9AD5721093EDE00B7198C /* FRPPhotoImporter.m in Sources */ = {isa = PBXBuildFile; fileRef = D8C9AD5621093EDE00B7198C /* FRPPhotoImporter.m */; };
		D8F0E737210935CF00BF5AFA /* FRPGalleryViewController.m in Sources */ = {isa = PBXBuildFile; fileRef = D8F0E736210935CF00BF5AFA /* FRPGalleryViewController.m */; };
		D8F0E73A210935FF00BF5AFA /* FRPGalleryFlowLayout.m in Sources */ = {isa = PBXBuildFile; fileRef = D8F0E739210935FF00BF5AFA /* FRPGalleryFlowLayout.m */; };
/* End PBXBuildFile section */

/* Begin PBXContainerItemProxy section */
		C827126B2107238500D7E009 /* PBXContainerItemProxy */ = {
			isa = PBXContainerItemProxy;
			containerPortal = C82712472107238500D7E009 /* Project object */;
			proxyType = 1;
			remoteGlobalIDString = C827124E2107238500D7E009;
			remoteInfo = Playground;
		};
		C82712762107238500D7E009 /* PBXContainerItemProxy */ = {
			isa = PBXContainerItemProxy;
			containerPortal = C82712472107238500D7E009 /* Project object */;
			proxyType = 1;
			remoteGlobalIDString = C827124E2107238500D7E009;
			remoteInfo = Playground;
		};
/* End PBXContainerItemProxy section */

/* Begin PBXFileReference section */
		3BC3F02AFF59AF394E447AC2 /* Pods-PlaygroundUITests.debug.xcconfig */ = {isa = PBXFileReference; includeInIndex = 1; lastKnownFileType = text.xcconfig; name = "Pods-PlaygroundUITests.debug.xcconfig"; path = "Pods/Target Support Files/Pods-PlaygroundUITests/Pods-PlaygroundUITests.debug.xcconfig"; sourceTree = "<group>"; };
		3E1A9286E23A4D87E077388E /* libPods-Playground.a */ = {isa = PBXFileReference; explicitFileType = archive.ar; includeInIndex = 0; path = "libPods-Playground.a"; sourceTree = BUILT_PRODUCTS_DIR; };
		8B41218CBA05B0EE55FDAADF /* libPods-PlaygroundUITests.a */ = {isa = PBXFileReference; explicitFileType = archive.ar; includeInIndex = 0; path = "libPods-PlaygroundUITests.a"; sourceTree = BUILT_PRODUCTS_DIR; };
		8CCBEA27148139C9ADC80B69 /* libPods-PlaygroundTests.a */ = {isa = PBXFileReference; explicitFileType = archive.ar; includeInIndex = 0; path = "libPods-PlaygroundTests.a"; sourceTree = BUILT_PRODUCTS_DIR; };
		A34488B8E20518DBB64BB846 /* Pods-PlaygroundUITests.release.xcconfig */ = {isa = PBXFileReference; includeInIndex = 1; lastKnownFileType = text.xcconfig; name = "Pods-PlaygroundUITests.release.xcconfig"; path = "Pods/Target Support Files/Pods-PlaygroundUITests/Pods-PlaygroundUITests.release.xcconfig"; sourceTree = "<group>"; };
		C827124F2107238500D7E009 /* Playground.app */ = {isa = PBXFileReference; explicitFileType = wrapper.application; includeInIndex = 0; path = Playground.app; sourceTree = BUILT_PRODUCTS_DIR; };
		C82712522107238500D7E009 /* AppDelegate.h */ = {isa = PBXFileReference; lastKnownFileType = sourcecode.c.h; path = AppDelegate.h; sourceTree = "<group>"; };
		C82712532107238500D7E009 /* AppDelegate.m */ = {isa = PBXFileReference; lastKnownFileType = sourcecode.c.objc; path = AppDelegate.m; sourceTree = "<group>"; };
		C82712552107238500D7E009 /* ViewController.h */ = {isa = PBXFileReference; lastKnownFileType = sourcecode.c.h; path = ViewController.h; sourceTree = "<group>"; };
		C82712562107238500D7E009 /* ViewController.m */ = {isa = PBXFileReference; lastKnownFileType = sourcecode.c.objc; path = ViewController.m; sourceTree = "<group>"; };
		C82712592107238500D7E009 /* Base */ = {isa = PBXFileReference; lastKnownFileType = file.storyboard; name = Base; path = Base.lproj/Main.storyboard; sourceTree = "<group>"; };
		C827125C2107238500D7E009 /* Playground.xcdatamodel */ = {isa = PBXFileReference; lastKnownFileType = wrapper.xcdatamodel; path = Playground.xcdatamodel; sourceTree = "<group>"; };
		C827125E2107238500D7E009 /* Assets.xcassets */ = {isa = PBXFileReference; lastKnownFileType = folder.assetcatalog; path = Assets.xcassets; sourceTree = "<group>"; };
		C82712612107238500D7E009 /* Base */ = {isa = PBXFileReference; lastKnownFileType = file.storyboard; name = Base; path = Base.lproj/LaunchScreen.storyboard; sourceTree = "<group>"; };
		C82712632107238500D7E009 /* Info.plist */ = {isa = PBXFileReference; lastKnownFileType = text.plist.xml; path = Info.plist; sourceTree = "<group>"; };
		C82712642107238500D7E009 /* main.m */ = {isa = PBXFileReference; lastKnownFileType = sourcecode.c.objc; path = main.m; sourceTree = "<group>"; };
		C827126A2107238500D7E009 /* PlaygroundTests.xctest */ = {isa = PBXFileReference; explicitFileType = wrapper.cfbundle; includeInIndex = 0; path = PlaygroundTests.xctest; sourceTree = BUILT_PRODUCTS_DIR; };
		C827126E2107238500D7E009 /* PlaygroundTests.m */ = {isa = PBXFileReference; lastKnownFileType = sourcecode.c.objc; path = PlaygroundTests.m; sourceTree = "<group>"; };
		C82712702107238500D7E009 /* Info.plist */ = {isa = PBXFileReference; lastKnownFileType = text.plist.xml; path = Info.plist; sourceTree = "<group>"; };
		C82712752107238500D7E009 /* PlaygroundUITests.xctest */ = {isa = PBXFileReference; explicitFileType = wrapper.cfbundle; includeInIndex = 0; path = PlaygroundUITests.xctest; sourceTree = BUILT_PRODUCTS_DIR; };
		C82712792107238500D7E009 /* PlaygroundUITests.m */ = {isa = PBXFileReference; lastKnownFileType = sourcecode.c.objc; path = PlaygroundUITests.m; sourceTree = "<group>"; };
		C827127B2107238500D7E009 /* Info.plist */ = {isa = PBXFileReference; lastKnownFileType = text.plist.xml; path = Info.plist; sourceTree = "<group>"; };
		C899060A21072DED0060016B /* Playground-Bridging-Header.h */ = {isa = PBXFileReference; lastKnownFileType = sourcecode.c.h; path = "Playground-Bridging-Header.h"; sourceTree = "<group>"; };
		C899060B21072DED0060016B /* Playground.swift */ = {isa = PBXFileReference; lastKnownFileType = sourcecode.swift; path = Playground.swift; sourceTree = "<group>"; };
		D058EA9580F0B91FAF931AB5 /* Pods-PlaygroundTests.debug.xcconfig */ = {isa = PBXFileReference; includeInIndex = 1; lastKnownFileType = text.xcconfig; name = "Pods-PlaygroundTests.debug.xcconfig"; path = "Pods/Target Support Files/Pods-PlaygroundTests/Pods-PlaygroundTests.debug.xcconfig"; sourceTree = "<group>"; };
		D6CB6BE05EA151F960DAC062 /* Pods-Playground.release.xcconfig */ = {isa = PBXFileReference; includeInIndex = 1; lastKnownFileType = text.xcconfig; name = "Pods-Playground.release.xcconfig"; path = "Pods/Target Support Files/Pods-Playground/Pods-Playground.release.xcconfig"; sourceTree = "<group>"; };
		D8C9AD5521093EDE00B7198C /* FRPPhotoImporter.h */ = {isa = PBXFileReference; lastKnownFileType = sourcecode.c.h; path = FRPPhotoImporter.h; sourceTree = "<group>"; };
		D8C9AD5621093EDE00B7198C /* FRPPhotoImporter.m */ = {isa = PBXFileReference; lastKnownFileType = sourcecode.c.objc; path = FRPPhotoImporter.m; sourceTree = "<group>"; };
		D8C9AD5821093F1F00B7198C /* FRP-Prefix.pch */ = {isa = PBXFileReference; lastKnownFileType = sourcecode.c.h; path = "FRP-Prefix.pch"; sourceTree = "<group>"; };
		D8F0E735210935CF00BF5AFA /* FRPGalleryViewController.h */ = {isa = PBXFileReference; lastKnownFileType = sourcecode.c.h; path = FRPGalleryViewController.h; sourceTree = "<group>"; };
		D8F0E736210935CF00BF5AFA /* FRPGalleryViewController.m */ = {isa = PBXFileReference; lastKnownFileType = sourcecode.c.objc; path = FRPGalleryViewController.m; sourceTree = "<group>"; };
		D8F0E738210935FF00BF5AFA /* FRPGalleryFlowLayout.h */ = {isa = PBXFileReference; lastKnownFileType = sourcecode.c.h; path = FRPGalleryFlowLayout.h; sourceTree = "<group>"; };
		D8F0E739210935FF00BF5AFA /* FRPGalleryFlowLayout.m */ = {isa = PBXFileReference; lastKnownFileType = sourcecode.c.objc; path = FRPGalleryFlowLayout.m; sourceTree = "<group>"; };
		ED96177F7F0C4F801E798AA9 /* Pods-PlaygroundTests.release.xcconfig */ = {isa = PBXFileReference; includeInIndex = 1; lastKnownFileType = text.xcconfig; name = "Pods-PlaygroundTests.release.xcconfig"; path = "Pods/Target Support Files/Pods-PlaygroundTests/Pods-PlaygroundTests.release.xcconfig"; sourceTree = "<group>"; };
		FD53652BF0183035CB1D5DE9 /* Pods-Playground.debug.xcconfig */ = {isa = PBXFileReference; includeInIndex = 1; lastKnownFileType = text.xcconfig; name = "Pods-Playground.debug.xcconfig"; path = "Pods/Target Support Files/Pods-Playground/Pods-Playground.debug.xcconfig"; sourceTree = "<group>"; };
/* End PBXFileReference section */

/* Begin PBXFrameworksBuildPhase section */
		C827124C2107238500D7E009 /* Frameworks */ = {
			isa = PBXFrameworksBuildPhase;
			buildActionMask = 2147483647;
			files = (
				7D0579F84457BFFBBAD37620 /* libPods-Playground.a in Frameworks */,
			);
			runOnlyForDeploymentPostprocessing = 0;
		};
		C82712672107238500D7E009 /* Frameworks */ = {
			isa = PBXFrameworksBuildPhase;
			buildActionMask = 2147483647;
			files = (
				155B822F9A22C874956F0DEE /* libPods-PlaygroundTests.a in Frameworks */,
			);
			runOnlyForDeploymentPostprocessing = 0;
		};
		C82712722107238500D7E009 /* Frameworks */ = {
			isa = PBXFrameworksBuildPhase;
			buildActionMask = 2147483647;
			files = (
				B728FE2907D95716E32109A4 /* libPods-PlaygroundUITests.a in Frameworks */,
			);
			runOnlyForDeploymentPostprocessing = 0;
		};
/* End PBXFrameworksBuildPhase section */

/* Begin PBXGroup section */
		66BEA159D2C367E262673235 /* Pods */ = {
			isa = PBXGroup;
			children = (
				FD53652BF0183035CB1D5DE9 /* Pods-Playground.debug.xcconfig */,
				D6CB6BE05EA151F960DAC062 /* Pods-Playground.release.xcconfig */,
				D058EA9580F0B91FAF931AB5 /* Pods-PlaygroundTests.debug.xcconfig */,
				ED96177F7F0C4F801E798AA9 /* Pods-PlaygroundTests.release.xcconfig */,
				3BC3F02AFF59AF394E447AC2 /* Pods-PlaygroundUITests.debug.xcconfig */,
				A34488B8E20518DBB64BB846 /* Pods-PlaygroundUITests.release.xcconfig */,
			);
			name = Pods;
			sourceTree = "<group>";
		};
		6F1772662FED48B541C341F1 /* Frameworks */ = {
			isa = PBXGroup;
			children = (
				3E1A9286E23A4D87E077388E /* libPods-Playground.a */,
				8CCBEA27148139C9ADC80B69 /* libPods-PlaygroundTests.a */,
				8B41218CBA05B0EE55FDAADF /* libPods-PlaygroundUITests.a */,
			);
			name = Frameworks;
			sourceTree = "<group>";
		};
		C82712462107238500D7E009 = {
			isa = PBXGroup;
			children = (
				C82712512107238500D7E009 /* Playground */,
				C827126D2107238500D7E009 /* PlaygroundTests */,
				C82712782107238500D7E009 /* PlaygroundUITests */,
				C82712502107238500D7E009 /* Products */,
				66BEA159D2C367E262673235 /* Pods */,
				6F1772662FED48B541C341F1 /* Frameworks */,
			);
			sourceTree = "<group>";
		};
		C82712502107238500D7E009 /* Products */ = {
			isa = PBXGroup;
			children = (
				C827124F2107238500D7E009 /* Playground.app */,
				C827126A2107238500D7E009 /* PlaygroundTests.xctest */,
				C82712752107238500D7E009 /* PlaygroundUITests.xctest */,
			);
			name = Products;
			sourceTree = "<group>";
		};
		C82712512107238500D7E009 /* Playground */ = {
			isa = PBXGroup;
			children = (
				C82712522107238500D7E009 /* AppDelegate.h */,
				C82712532107238500D7E009 /* AppDelegate.m */,
				C82712552107238500D7E009 /* ViewController.h */,
				C82712562107238500D7E009 /* ViewController.m */,
				D8F0E735210935CF00BF5AFA /* FRPGalleryViewController.h */,
				D8F0E736210935CF00BF5AFA /* FRPGalleryViewController.m */,
				D8F0E738210935FF00BF5AFA /* FRPGalleryFlowLayout.h */,
				D8F0E739210935FF00BF5AFA /* FRPGalleryFlowLayout.m */,
				D8C9AD5521093EDE00B7198C /* FRPPhotoImporter.h */,
				D8C9AD5621093EDE00B7198C /* FRPPhotoImporter.m */,
				C82712582107238500D7E009 /* Main.storyboard */,
				C827125E2107238500D7E009 /* Assets.xcassets */,
				C82712602107238500D7E009 /* LaunchScreen.storyboard */,
				C82712632107238500D7E009 /* Info.plist */,
				C82712642107238500D7E009 /* main.m */,
				C827125B2107238500D7E009 /* Playground.xcdatamodeld */,
				C899060B21072DED0060016B /* Playground.swift */,
				C899060A21072DED0060016B /* Playground-Bridging-Header.h */,
				D8C9AD5821093F1F00B7198C /* FRP-Prefix.pch */,
			);
			path = Playground;
			sourceTree = "<group>";
		};
		C827126D2107238500D7E009 /* PlaygroundTests */ = {
			isa = PBXGroup;
			children = (
				C827126E2107238500D7E009 /* PlaygroundTests.m */,
				C82712702107238500D7E009 /* Info.plist */,
			);
			path = PlaygroundTests;
			sourceTree = "<group>";
		};
		C82712782107238500D7E009 /* PlaygroundUITests */ = {
			isa = PBXGroup;
			children = (
				C82712792107238500D7E009 /* PlaygroundUITests.m */,
				C827127B2107238500D7E009 /* Info.plist */,
			);
			path = PlaygroundUITests;
			sourceTree = "<group>";
		};
/* End PBXGroup section */

/* Begin PBXNativeTarget section */
		C827124E2107238500D7E009 /* Playground */ = {
			isa = PBXNativeTarget;
			buildConfigurationList = C827127E2107238500D7E009 /* Build configuration list for PBXNativeTarget "Playground" */;
			buildPhases = (
				E43D876C8B207C0A61EF32C7 /* [CP] Check Pods Manifest.lock */,
				C827124B2107238500D7E009 /* Sources */,
				C827124C2107238500D7E009 /* Frameworks */,
				C827124D2107238500D7E009 /* Resources */,
				F68F5044CA56933E4ACED393 /* [CP] Embed Pods Frameworks */,
				0EB98888B6DDBE5558A6CE03 /* [CP] Copy Pods Resources */,
			);
			buildRules = (
			);
			dependencies = (
			);
			name = Playground;
			productName = Playground;
			productReference = C827124F2107238500D7E009 /* Playground.app */;
			productType = "com.apple.product-type.application";
		};
		C82712692107238500D7E009 /* PlaygroundTests */ = {
			isa = PBXNativeTarget;
			buildConfigurationList = C82712812107238500D7E009 /* Build configuration list for PBXNativeTarget "PlaygroundTests" */;
			buildPhases = (
				DEB6DA6E94E8B7A797AAC5A7 /* [CP] Check Pods Manifest.lock */,
				C82712662107238500D7E009 /* Sources */,
				C82712672107238500D7E009 /* Frameworks */,
				C82712682107238500D7E009 /* Resources */,
				5ADD3475C2A7E9E2F4146C14 /* [CP] Embed Pods Frameworks */,
				7AB314220A26942E6C128CFE /* [CP] Copy Pods Resources */,
			);
			buildRules = (
			);
			dependencies = (
				C827126C2107238500D7E009 /* PBXTargetDependency */,
			);
			name = PlaygroundTests;
			productName = PlaygroundTests;
			productReference = C827126A2107238500D7E009 /* PlaygroundTests.xctest */;
			productType = "com.apple.product-type.bundle.unit-test";
		};
		C82712742107238500D7E009 /* PlaygroundUITests */ = {
			isa = PBXNativeTarget;
			buildConfigurationList = C82712842107238500D7E009 /* Build configuration list for PBXNativeTarget "PlaygroundUITests" */;
			buildPhases = (
				593F4FA193BC60A03B80E301 /* [CP] Check Pods Manifest.lock */,
				C82712712107238500D7E009 /* Sources */,
				C82712722107238500D7E009 /* Frameworks */,
				C82712732107238500D7E009 /* Resources */,
				8BE02897EC57A1C0C6BA63A9 /* [CP] Embed Pods Frameworks */,
				A326625F25C71FF6F2103DFE /* [CP] Copy Pods Resources */,
			);
			buildRules = (
			);
			dependencies = (
				C82712772107238500D7E009 /* PBXTargetDependency */,
			);
			name = PlaygroundUITests;
			productName = PlaygroundUITests;
			productReference = C82712752107238500D7E009 /* PlaygroundUITests.xctest */;
			productType = "com.apple.product-type.bundle.ui-testing";
		};
/* End PBXNativeTarget section */

/* Begin PBXProject section */
		C82712472107238500D7E009 /* Project object */ = {
			isa = PBXProject;
			attributes = {
				LastUpgradeCheck = 0920;
				ORGANIZATIONNAME = HenryFanDi;
				TargetAttributes = {
					C827124E2107238500D7E009 = {
						CreatedOnToolsVersion = 9.2;
						LastSwiftMigration = 0920;
						ProvisioningStyle = Automatic;
					};
					C82712692107238500D7E009 = {
						CreatedOnToolsVersion = 9.2;
						ProvisioningStyle = Automatic;
						TestTargetID = C827124E2107238500D7E009;
					};
					C82712742107238500D7E009 = {
						CreatedOnToolsVersion = 9.2;
						ProvisioningStyle = Automatic;
						TestTargetID = C827124E2107238500D7E009;
					};
				};
			};
			buildConfigurationList = C827124A2107238500D7E009 /* Build configuration list for PBXProject "Playground" */;
			compatibilityVersion = "Xcode 8.0";
			developmentRegion = en;
			hasScannedForEncodings = 0;
			knownRegions = (
				en,
				Base,
			);
			mainGroup = C82712462107238500D7E009;
			productRefGroup = C82712502107238500D7E009 /* Products */;
			projectDirPath = "";
			projectRoot = "";
			targets = (
				C827124E2107238500D7E009 /* Playground */,
				C82712692107238500D7E009 /* PlaygroundTests */,
				C82712742107238500D7E009 /* PlaygroundUITests */,
			);
		};
/* End PBXProject section */

/* Begin PBXResourcesBuildPhase section */
		C827124D2107238500D7E009 /* Resources */ = {
			isa = PBXResourcesBuildPhase;
			buildActionMask = 2147483647;
			files = (
				C82712622107238500D7E009 /* LaunchScreen.storyboard in Resources */,
				C827125F2107238500D7E009 /* Assets.xcassets in Resources */,
				C827125A2107238500D7E009 /* Main.storyboard in Resources */,
			);
			runOnlyForDeploymentPostprocessing = 0;
		};
		C82712682107238500D7E009 /* Resources */ = {
			isa = PBXResourcesBuildPhase;
			buildActionMask = 2147483647;
			files = (
			);
			runOnlyForDeploymentPostprocessing = 0;
		};
		C82712732107238500D7E009 /* Resources */ = {
			isa = PBXResourcesBuildPhase;
			buildActionMask = 2147483647;
			files = (
			);
			runOnlyForDeploymentPostprocessing = 0;
		};
/* End PBXResourcesBuildPhase section */

/* Begin PBXShellScriptBuildPhase section */
		0EB98888B6DDBE5558A6CE03 /* [CP] Copy Pods Resources */ = {
			isa = PBXShellScriptBuildPhase;
			buildActionMask = 2147483647;
			files = (
			);
			inputPaths = (
				"${SRCROOT}/Pods/Target Support Files/Pods-Playground/Pods-Playground-resources.sh",
				"${PODS_ROOT}/SVProgressHUD/SVProgressHUD/SVProgressHUD.bundle",
			);
			name = "[CP] Copy Pods Resources";
			outputPaths = (
				"${TARGET_BUILD_DIR}/${UNLOCALIZED_RESOURCES_FOLDER_PATH}/SVProgressHUD.bundle",
			);
			runOnlyForDeploymentPostprocessing = 0;
			shellPath = /bin/sh;
			shellScript = "\"${SRCROOT}/Pods/Target Support Files/Pods-Playground/Pods-Playground-resources.sh\"\n";
			showEnvVarsInLog = 0;
		};
		593F4FA193BC60A03B80E301 /* [CP] Check Pods Manifest.lock */ = {
			isa = PBXShellScriptBuildPhase;
			buildActionMask = 2147483647;
			files = (
			);
			inputPaths = (
				"${PODS_PODFILE_DIR_PATH}/Podfile.lock",
				"${PODS_ROOT}/Manifest.lock",
			);
			name = "[CP] Check Pods Manifest.lock";
			outputPaths = (
				"$(DERIVED_FILE_DIR)/Pods-PlaygroundUITests-checkManifestLockResult.txt",
			);
			runOnlyForDeploymentPostprocessing = 0;
			shellPath = /bin/sh;
			shellScript = "diff \"${PODS_PODFILE_DIR_PATH}/Podfile.lock\" \"${PODS_ROOT}/Manifest.lock\" > /dev/null\nif [ $? != 0 ] ; then\n    # print error to STDERR\n    echo \"error: The sandbox is not in sync with the Podfile.lock. Run 'pod install' or update your CocoaPods installation.\" >&2\n    exit 1\nfi\n# This output is used by Xcode 'outputs' to avoid re-running this script phase.\necho \"SUCCESS\" > \"${SCRIPT_OUTPUT_FILE_0}\"\n";
			showEnvVarsInLog = 0;
		};
		5ADD3475C2A7E9E2F4146C14 /* [CP] Embed Pods Frameworks */ = {
			isa = PBXShellScriptBuildPhase;
			buildActionMask = 2147483647;
			files = (
			);
			inputPaths = (
			);
			name = "[CP] Embed Pods Frameworks";
			outputPaths = (
			);
			runOnlyForDeploymentPostprocessing = 0;
			shellPath = /bin/sh;
			shellScript = "\"${SRCROOT}/Pods/Target Support Files/Pods-PlaygroundTests/Pods-PlaygroundTests-frameworks.sh\"\n";
			showEnvVarsInLog = 0;
		};
		7AB314220A26942E6C128CFE /* [CP] Copy Pods Resources */ = {
			isa = PBXShellScriptBuildPhase;
			buildActionMask = 2147483647;
			files = (
			);
			inputPaths = (
			);
			name = "[CP] Copy Pods Resources";
			outputPaths = (
			);
			runOnlyForDeploymentPostprocessing = 0;
			shellPath = /bin/sh;
			shellScript = "\"${SRCROOT}/Pods/Target Support Files/Pods-PlaygroundTests/Pods-PlaygroundTests-resources.sh\"\n";
			showEnvVarsInLog = 0;
		};
		8BE02897EC57A1C0C6BA63A9 /* [CP] Embed Pods Frameworks */ = {
			isa = PBXShellScriptBuildPhase;
			buildActionMask = 2147483647;
			files = (
			);
			inputPaths = (
			);
			name = "[CP] Embed Pods Frameworks";
			outputPaths = (
			);
			runOnlyForDeploymentPostprocessing = 0;
			shellPath = /bin/sh;
			shellScript = "\"${SRCROOT}/Pods/Target Support Files/Pods-PlaygroundUITests/Pods-PlaygroundUITests-frameworks.sh\"\n";
			showEnvVarsInLog = 0;
		};
		A326625F25C71FF6F2103DFE /* [CP] Copy Pods Resources */ = {
			isa = PBXShellScriptBuildPhase;
			buildActionMask = 2147483647;
			files = (
			);
			inputPaths = (
			);
			name = "[CP] Copy Pods Resources";
			outputPaths = (
			);
			runOnlyForDeploymentPostprocessing = 0;
			shellPath = /bin/sh;
			shellScript = "\"${SRCROOT}/Pods/Target Support Files/Pods-PlaygroundUITests/Pods-PlaygroundUITests-resources.sh\"\n";
			showEnvVarsInLog = 0;
		};
		DEB6DA6E94E8B7A797AAC5A7 /* [CP] Check Pods Manifest.lock */ = {
			isa = PBXShellScriptBuildPhase;
			buildActionMask = 2147483647;
			files = (
			);
			inputPaths = (
				"${PODS_PODFILE_DIR_PATH}/Podfile.lock",
				"${PODS_ROOT}/Manifest.lock",
			);
			name = "[CP] Check Pods Manifest.lock";
			outputPaths = (
				"$(DERIVED_FILE_DIR)/Pods-PlaygroundTests-checkManifestLockResult.txt",
			);
			runOnlyForDeploymentPostprocessing = 0;
			shellPath = /bin/sh;
			shellScript = "diff \"${PODS_PODFILE_DIR_PATH}/Podfile.lock\" \"${PODS_ROOT}/Manifest.lock\" > /dev/null\nif [ $? != 0 ] ; then\n    # print error to STDERR\n    echo \"error: The sandbox is not in sync with the Podfile.lock. Run 'pod install' or update your CocoaPods installation.\" >&2\n    exit 1\nfi\n# This output is used by Xcode 'outputs' to avoid re-running this script phase.\necho \"SUCCESS\" > \"${SCRIPT_OUTPUT_FILE_0}\"\n";
			showEnvVarsInLog = 0;
		};
		E43D876C8B207C0A61EF32C7 /* [CP] Check Pods Manifest.lock */ = {
			isa = PBXShellScriptBuildPhase;
			buildActionMask = 2147483647;
			files = (
			);
			inputPaths = (
				"${PODS_PODFILE_DIR_PATH}/Podfile.lock",
				"${PODS_ROOT}/Manifest.lock",
			);
			name = "[CP] Check Pods Manifest.lock";
			outputPaths = (
				"$(DERIVED_FILE_DIR)/Pods-Playground-checkManifestLockResult.txt",
			);
			runOnlyForDeploymentPostprocessing = 0;
			shellPath = /bin/sh;
			shellScript = "diff \"${PODS_PODFILE_DIR_PATH}/Podfile.lock\" \"${PODS_ROOT}/Manifest.lock\" > /dev/null\nif [ $? != 0 ] ; then\n    # print error to STDERR\n    echo \"error: The sandbox is not in sync with the Podfile.lock. Run 'pod install' or update your CocoaPods installation.\" >&2\n    exit 1\nfi\n# This output is used by Xcode 'outputs' to avoid re-running this script phase.\necho \"SUCCESS\" > \"${SCRIPT_OUTPUT_FILE_0}\"\n";
			showEnvVarsInLog = 0;
		};
		F68F5044CA56933E4ACED393 /* [CP] Embed Pods Frameworks */ = {
			isa = PBXShellScriptBuildPhase;
			buildActionMask = 2147483647;
			files = (
			);
			inputPaths = (
			);
			name = "[CP] Embed Pods Frameworks";
			outputPaths = (
			);
			runOnlyForDeploymentPostprocessing = 0;
			shellPath = /bin/sh;
			shellScript = "\"${SRCROOT}/Pods/Target Support Files/Pods-Playground/Pods-Playground-frameworks.sh\"\n";
			showEnvVarsInLog = 0;
		};
/* End PBXShellScriptBuildPhase section */

/* Begin PBXSourcesBuildPhase section */
		C827124B2107238500D7E009 /* Sources */ = {
			isa = PBXSourcesBuildPhase;
			buildActionMask = 2147483647;
			files = (
				C82712572107238500D7E009 /* ViewController.m in Sources */,
				D8C9AD5721093EDE00B7198C /* FRPPhotoImporter.m in Sources */,
				C899060C21072DED0060016B /* Playground.swift in Sources */,
				D8F0E73A210935FF00BF5AFA /* FRPGalleryFlowLayout.m in Sources */,
				C82712542107238500D7E009 /* AppDelegate.m in Sources */,
				C82712652107238500D7E009 /* main.m in Sources */,
				D8F0E737210935CF00BF5AFA /* FRPGalleryViewController.m in Sources */,
				C827125D2107238500D7E009 /* Playground.xcdatamodeld in Sources */,
			);
			runOnlyForDeploymentPostprocessing = 0;
		};
		C82712662107238500D7E009 /* Sources */ = {
			isa = PBXSourcesBuildPhase;
			buildActionMask = 2147483647;
			files = (
				C827126F2107238500D7E009 /* PlaygroundTests.m in Sources */,
			);
			runOnlyForDeploymentPostprocessing = 0;
		};
		C82712712107238500D7E009 /* Sources */ = {
			isa = PBXSourcesBuildPhase;
			buildActionMask = 2147483647;
			files = (
				C827127A2107238500D7E009 /* PlaygroundUITests.m in Sources */,
			);
			runOnlyForDeploymentPostprocessing = 0;
		};
/* End PBXSourcesBuildPhase section */

/* Begin PBXTargetDependency section */
		C827126C2107238500D7E009 /* PBXTargetDependency */ = {
			isa = PBXTargetDependency;
			target = C827124E2107238500D7E009 /* Playground */;
			targetProxy = C827126B2107238500D7E009 /* PBXContainerItemProxy */;
		};
		C82712772107238500D7E009 /* PBXTargetDependency */ = {
			isa = PBXTargetDependency;
			target = C827124E2107238500D7E009 /* Playground */;
			targetProxy = C82712762107238500D7E009 /* PBXContainerItemProxy */;
		};
/* End PBXTargetDependency section */

/* Begin PBXVariantGroup section */
		C82712582107238500D7E009 /* Main.storyboard */ = {
			isa = PBXVariantGroup;
			children = (
				C82712592107238500D7E009 /* Base */,
			);
			name = Main.storyboard;
			sourceTree = "<group>";
		};
		C82712602107238500D7E009 /* LaunchScreen.storyboard */ = {
			isa = PBXVariantGroup;
			children = (
				C82712612107238500D7E009 /* Base */,
			);
			name = LaunchScreen.storyboard;
			sourceTree = "<group>";
		};
/* End PBXVariantGroup section */

/* Begin XCBuildConfiguration section */
		C827127C2107238500D7E009 /* Debug */ = {
			isa = XCBuildConfiguration;
			buildSettings = {
				ALWAYS_SEARCH_USER_PATHS = NO;
				CLANG_ANALYZER_NONNULL = YES;
				CLANG_ANALYZER_NUMBER_OBJECT_CONVERSION = YES_AGGRESSIVE;
				CLANG_CXX_LANGUAGE_STANDARD = "gnu++14";
				CLANG_CXX_LIBRARY = "libc++";
				CLANG_ENABLE_MODULES = YES;
				CLANG_ENABLE_OBJC_ARC = YES;
				CLANG_WARN_BLOCK_CAPTURE_AUTORELEASING = YES;
				CLANG_WARN_BOOL_CONVERSION = YES;
				CLANG_WARN_COMMA = YES;
				CLANG_WARN_CONSTANT_CONVERSION = YES;
				CLANG_WARN_DIRECT_OBJC_ISA_USAGE = YES_ERROR;
				CLANG_WARN_DOCUMENTATION_COMMENTS = YES;
				CLANG_WARN_EMPTY_BODY = YES;
				CLANG_WARN_ENUM_CONVERSION = YES;
				CLANG_WARN_INFINITE_RECURSION = YES;
				CLANG_WARN_INT_CONVERSION = YES;
				CLANG_WARN_NON_LITERAL_NULL_CONVERSION = YES;
				CLANG_WARN_OBJC_LITERAL_CONVERSION = YES;
				CLANG_WARN_OBJC_ROOT_CLASS = YES_ERROR;
				CLANG_WARN_RANGE_LOOP_ANALYSIS = YES;
				CLANG_WARN_STRICT_PROTOTYPES = YES;
				CLANG_WARN_SUSPICIOUS_MOVE = YES;
				CLANG_WARN_UNGUARDED_AVAILABILITY = YES_AGGRESSIVE;
				CLANG_WARN_UNREACHABLE_CODE = YES;
				CLANG_WARN__DUPLICATE_METHOD_MATCH = YES;
				CODE_SIGN_IDENTITY = "iPhone Developer";
				COPY_PHASE_STRIP = NO;
				DEBUG_INFORMATION_FORMAT = dwarf;
				ENABLE_STRICT_OBJC_MSGSEND = YES;
				ENABLE_TESTABILITY = YES;
				GCC_C_LANGUAGE_STANDARD = gnu11;
				GCC_DYNAMIC_NO_PIC = NO;
				GCC_NO_COMMON_BLOCKS = YES;
				GCC_OPTIMIZATION_LEVEL = 0;
				GCC_PREPROCESSOR_DEFINITIONS = (
					"DEBUG=1",
					"$(inherited)",
				);
				GCC_WARN_64_TO_32_BIT_CONVERSION = YES;
				GCC_WARN_ABOUT_RETURN_TYPE = YES_ERROR;
				GCC_WARN_UNDECLARED_SELECTOR = YES;
				GCC_WARN_UNINITIALIZED_AUTOS = YES_AGGRESSIVE;
				GCC_WARN_UNUSED_FUNCTION = YES;
				GCC_WARN_UNUSED_VARIABLE = YES;
				IPHONEOS_DEPLOYMENT_TARGET = 11.2;
				MTL_ENABLE_DEBUG_INFO = YES;
				ONLY_ACTIVE_ARCH = YES;
				SDKROOT = iphoneos;
			};
			name = Debug;
		};
		C827127D2107238500D7E009 /* Release */ = {
			isa = XCBuildConfiguration;
			buildSettings = {
				ALWAYS_SEARCH_USER_PATHS = NO;
				CLANG_ANALYZER_NONNULL = YES;
				CLANG_ANALYZER_NUMBER_OBJECT_CONVERSION = YES_AGGRESSIVE;
				CLANG_CXX_LANGUAGE_STANDARD = "gnu++14";
				CLANG_CXX_LIBRARY = "libc++";
				CLANG_ENABLE_MODULES = YES;
				CLANG_ENABLE_OBJC_ARC = YES;
				CLANG_WARN_BLOCK_CAPTURE_AUTORELEASING = YES;
				CLANG_WARN_BOOL_CONVERSION = YES;
				CLANG_WARN_COMMA = YES;
				CLANG_WARN_CONSTANT_CONVERSION = YES;
				CLANG_WARN_DIRECT_OBJC_ISA_USAGE = YES_ERROR;
				CLANG_WARN_DOCUMENTATION_COMMENTS = YES;
				CLANG_WARN_EMPTY_BODY = YES;
				CLANG_WARN_ENUM_CONVERSION = YES;
				CLANG_WARN_INFINITE_RECURSION = YES;
				CLANG_WARN_INT_CONVERSION = YES;
				CLANG_WARN_NON_LITERAL_NULL_CONVERSION = YES;
				CLANG_WARN_OBJC_LITERAL_CONVERSION = YES;
				CLANG_WARN_OBJC_ROOT_CLASS = YES_ERROR;
				CLANG_WARN_RANGE_LOOP_ANALYSIS = YES;
				CLANG_WARN_STRICT_PROTOTYPES = YES;
				CLANG_WARN_SUSPICIOUS_MOVE = YES;
				CLANG_WARN_UNGUARDED_AVAILABILITY = YES_AGGRESSIVE;
				CLANG_WARN_UNREACHABLE_CODE = YES;
				CLANG_WARN__DUPLICATE_METHOD_MATCH = YES;
				CODE_SIGN_IDENTITY = "iPhone Developer";
				COPY_PHASE_STRIP = NO;
				DEBUG_INFORMATION_FORMAT = "dwarf-with-dsym";
				ENABLE_NS_ASSERTIONS = NO;
				ENABLE_STRICT_OBJC_MSGSEND = YES;
				GCC_C_LANGUAGE_STANDARD = gnu11;
				GCC_NO_COMMON_BLOCKS = YES;
				GCC_WARN_64_TO_32_BIT_CONVERSION = YES;
				GCC_WARN_ABOUT_RETURN_TYPE = YES_ERROR;
				GCC_WARN_UNDECLARED_SELECTOR = YES;
				GCC_WARN_UNINITIALIZED_AUTOS = YES_AGGRESSIVE;
				GCC_WARN_UNUSED_FUNCTION = YES;
				GCC_WARN_UNUSED_VARIABLE = YES;
				IPHONEOS_DEPLOYMENT_TARGET = 11.2;
				MTL_ENABLE_DEBUG_INFO = NO;
				SDKROOT = iphoneos;
				VALIDATE_PRODUCT = YES;
			};
			name = Release;
		};
		C827127F2107238500D7E009 /* Debug */ = {
			isa = XCBuildConfiguration;
			baseConfigurationReference = FD53652BF0183035CB1D5DE9 /* Pods-Playground.debug.xcconfig */;
			buildSettings = {
				ASSETCATALOG_COMPILER_APPICON_NAME = AppIcon;
				CLANG_ENABLE_MODULES = YES;
				CODE_SIGN_STYLE = Automatic;
				GCC_PRECOMPILE_PREFIX_HEADER = YES;
				GCC_PREFIX_HEADER = "Playground/FRP-Prefix.pch";
				INFOPLIST_FILE = Playground/Info.plist;
				LD_RUNPATH_SEARCH_PATHS = "$(inherited) @executable_path/Frameworks";
				PRODUCT_BUNDLE_IDENTIFIER = HenryFanDi.Playground;
				PRODUCT_NAME = "$(TARGET_NAME)";
				SWIFT_OBJC_BRIDGING_HEADER = "Playground/Playground-Bridging-Header.h";
				SWIFT_OPTIMIZATION_LEVEL = "-Onone";
				SWIFT_VERSION = 4.0;
				TARGETED_DEVICE_FAMILY = "1,2";
			};
			name = Debug;
		};
		C82712802107238500D7E009 /* Release */ = {
			isa = XCBuildConfiguration;
			baseConfigurationReference = D6CB6BE05EA151F960DAC062 /* Pods-Playground.release.xcconfig */;
			buildSettings = {
				ASSETCATALOG_COMPILER_APPICON_NAME = AppIcon;
				CLANG_ENABLE_MODULES = YES;
				CODE_SIGN_STYLE = Automatic;
				GCC_PRECOMPILE_PREFIX_HEADER = YES;
				GCC_PREFIX_HEADER = "Playground/FRP-Prefix.pch";
				INFOPLIST_FILE = Playground/Info.plist;
				LD_RUNPATH_SEARCH_PATHS = "$(inherited) @executable_path/Frameworks";
				PRODUCT_BUNDLE_IDENTIFIER = HenryFanDi.Playground;
				PRODUCT_NAME = "$(TARGET_NAME)";
				SWIFT_OBJC_BRIDGING_HEADER = "Playground/Playground-Bridging-Header.h";
				SWIFT_VERSION = 4.0;
				TARGETED_DEVICE_FAMILY = "1,2";
			};
			name = Release;
		};
		C82712822107238500D7E009 /* Debug */ = {
			isa = XCBuildConfiguration;
			baseConfigurationReference = D058EA9580F0B91FAF931AB5 /* Pods-PlaygroundTests.debug.xcconfig */;
			buildSettings = {
				ALWAYS_EMBED_SWIFT_STANDARD_LIBRARIES = YES;
				BUNDLE_LOADER = "$(TEST_HOST)";
				CODE_SIGN_STYLE = Automatic;
				INFOPLIST_FILE = PlaygroundTests/Info.plist;
				LD_RUNPATH_SEARCH_PATHS = "$(inherited) @executable_path/Frameworks @loader_path/Frameworks";
				PRODUCT_BUNDLE_IDENTIFIER = HenryFanDi.PlaygroundTests;
				PRODUCT_NAME = "$(TARGET_NAME)";
				TARGETED_DEVICE_FAMILY = "1,2";
				TEST_HOST = "$(BUILT_PRODUCTS_DIR)/Playground.app/Playground";
			};
			name = Debug;
		};
		C82712832107238500D7E009 /* Release */ = {
			isa = XCBuildConfiguration;
			baseConfigurationReference = ED96177F7F0C4F801E798AA9 /* Pods-PlaygroundTests.release.xcconfig */;
			buildSettings = {
				ALWAYS_EMBED_SWIFT_STANDARD_LIBRARIES = YES;
				BUNDLE_LOADER = "$(TEST_HOST)";
				CODE_SIGN_STYLE = Automatic;
				INFOPLIST_FILE = PlaygroundTests/Info.plist;
				LD_RUNPATH_SEARCH_PATHS = "$(inherited) @executable_path/Frameworks @loader_path/Frameworks";
				PRODUCT_BUNDLE_IDENTIFIER = HenryFanDi.PlaygroundTests;
				PRODUCT_NAME = "$(TARGET_NAME)";
				TARGETED_DEVICE_FAMILY = "1,2";
				TEST_HOST = "$(BUILT_PRODUCTS_DIR)/Playground.app/Playground";
			};
			name = Release;
		};
		C82712852107238500D7E009 /* Debug */ = {
			isa = XCBuildConfiguration;
			baseConfigurationReference = 3BC3F02AFF59AF394E447AC2 /* Pods-PlaygroundUITests.debug.xcconfig */;
			buildSettings = {
				ALWAYS_EMBED_SWIFT_STANDARD_LIBRARIES = YES;
				CODE_SIGN_STYLE = Automatic;
				INFOPLIST_FILE = PlaygroundUITests/Info.plist;
				LD_RUNPATH_SEARCH_PATHS = "$(inherited) @executable_path/Frameworks @loader_path/Frameworks";
				PRODUCT_BUNDLE_IDENTIFIER = HenryFanDi.PlaygroundUITests;
				PRODUCT_NAME = "$(TARGET_NAME)";
				TARGETED_DEVICE_FAMILY = "1,2";
				TEST_TARGET_NAME = Playground;
			};
			name = Debug;
		};
		C82712862107238500D7E009 /* Release */ = {
			isa = XCBuildConfiguration;
			baseConfigurationReference = A34488B8E20518DBB64BB846 /* Pods-PlaygroundUITests.release.xcconfig */;
			buildSettings = {
				ALWAYS_EMBED_SWIFT_STANDARD_LIBRARIES = YES;
				CODE_SIGN_STYLE = Automatic;
				INFOPLIST_FILE = PlaygroundUITests/Info.plist;
				LD_RUNPATH_SEARCH_PATHS = "$(inherited) @executable_path/Frameworks @loader_path/Frameworks";
				PRODUCT_BUNDLE_IDENTIFIER = HenryFanDi.PlaygroundUITests;
				PRODUCT_NAME = "$(TARGET_NAME)";
				TARGETED_DEVICE_FAMILY = "1,2";
				TEST_TARGET_NAME = Playground;
			};
			name = Release;
		};
/* End XCBuildConfiguration section */

/* Begin XCConfigurationList section */
		C827124A2107238500D7E009 /* Build configuration list for PBXProject "Playground" */ = {
			isa = XCConfigurationList;
			buildConfigurations = (
				C827127C2107238500D7E009 /* Debug */,
				C827127D2107238500D7E009 /* Release */,
			);
			defaultConfigurationIsVisible = 0;
			defaultConfigurationName = Release;
		};
		C827127E2107238500D7E009 /* Build configuration list for PBXNativeTarget "Playground" */ = {
			isa = XCConfigurationList;
			buildConfigurations = (
				C827127F2107238500D7E009 /* Debug */,
				C82712802107238500D7E009 /* Release */,
			);
			defaultConfigurationIsVisible = 0;
			defaultConfigurationName = Release;
		};
		C82712812107238500D7E009 /* Build configuration list for PBXNativeTarget "PlaygroundTests" */ = {
			isa = XCConfigurationList;
			buildConfigurations = (
				C82712822107238500D7E009 /* Debug */,
				C82712832107238500D7E009 /* Release */,
			);
			defaultConfigurationIsVisible = 0;
			defaultConfigurationName = Release;
		};
		C82712842107238500D7E009 /* Build configuration list for PBXNativeTarget "PlaygroundUITests" */ = {
			isa = XCConfigurationList;
			buildConfigurations = (
				C82712852107238500D7E009 /* Debug */,
				C82712862107238500D7E009 /* Release */,
			);
			defaultConfigurationIsVisible = 0;
			defaultConfigurationName = Release;
		};
/* End XCConfigurationList section */

/* Begin XCVersionGroup section */
		C827125B2107238500D7E009 /* Playground.xcdatamodeld */ = {
			isa = XCVersionGroup;
			children = (
				C827125C2107238500D7E009 /* Playground.xcdatamodel */,
			);
			currentVersion = C827125C2107238500D7E009 /* Playground.xcdatamodel */;
			path = Playground.xcdatamodeld;
			sourceTree = "<group>";
			versionGroupType = wrapper.xcdatamodel;
		};
/* End XCVersionGroup section */
	};
	rootObject = C82712472107238500D7E009 /* Project object */;
}
